// !$*UTF8*$!
{
	archiveVersion = 1;
	classes = {
	};
	objectVersion = 46;
	objects = {

/* Begin PBXBuildFile section */
		6A0C6FC215EE40A000C17080 /* UIKit.framework in Frameworks */ = {isa = PBXBuildFile; fileRef = 6A0C6FC115EE40A000C17080 /* UIKit.framework */; };
		6A0C6FC415EE40A000C17080 /* Foundation.framework in Frameworks */ = {isa = PBXBuildFile; fileRef = 6A0C6FC315EE40A000C17080 /* Foundation.framework */; };
		6A0C6FC615EE40A000C17080 /* CoreGraphics.framework in Frameworks */ = {isa = PBXBuildFile; fileRef = 6A0C6FC515EE40A000C17080 /* CoreGraphics.framework */; };
		6A0C6FCC15EE40A000C17080 /* InfoPlist.strings in Resources */ = {isa = PBXBuildFile; fileRef = 6A0C6FCA15EE40A000C17080 /* InfoPlist.strings */; };
		6A0C6FCE15EE40A000C17080 /* main.m in Sources */ = {isa = PBXBuildFile; fileRef = 6A0C6FCD15EE40A000C17080 /* main.m */; };
		6A0C6FD215EE40A000C17080 /* PrincipalAppDelegate.m in Sources */ = {isa = PBXBuildFile; fileRef = 6A0C6FD115EE40A000C17080 /* PrincipalAppDelegate.m */; };
		6A0C6FD515EE40A000C17080 /* MainStoryboard.storyboard in Resources */ = {isa = PBXBuildFile; fileRef = 6A0C6FD315EE40A000C17080 /* MainStoryboard.storyboard */; };
		6A0C6FD815EE40A000C17080 /* PrincipalViewController.m in Sources */ = {isa = PBXBuildFile; fileRef = 6A0C6FD715EE40A000C17080 /* PrincipalViewController.m */; };
		6A0C6FE015EE40A100C17080 /* SenTestingKit.framework in Frameworks */ = {isa = PBXBuildFile; fileRef = 6A0C6FDF15EE40A100C17080 /* SenTestingKit.framework */; };
		6A0C6FE115EE40A100C17080 /* UIKit.framework in Frameworks */ = {isa = PBXBuildFile; fileRef = 6A0C6FC115EE40A000C17080 /* UIKit.framework */; };
		6A0C6FE215EE40A100C17080 /* Foundation.framework in Frameworks */ = {isa = PBXBuildFile; fileRef = 6A0C6FC315EE40A000C17080 /* Foundation.framework */; };
		6A0C6FEA15EE40A100C17080 /* InfoPlist.strings in Resources */ = {isa = PBXBuildFile; fileRef = 6A0C6FE815EE40A100C17080 /* InfoPlist.strings */; };
		6A0C6FED15EE40A100C17080 /* PickerViewTests.m in Sources */ = {isa = PBXBuildFile; fileRef = 6A0C6FEC15EE40A100C17080 /* PickerViewTests.m */; };
		6A0C700215EE40F600C17080 /* atletico-pr.png in Resources */ = {isa = PBXBuildFile; fileRef = 6A0C6FF615EE40F600C17080 /* atletico-pr.png */; };
		6A0C700315EE40F600C17080 /* botafogo.png in Resources */ = {isa = PBXBuildFile; fileRef = 6A0C6FF715EE40F600C17080 /* botafogo.png */; };
		6A0C700415EE40F600C17080 /* corinthians.png in Resources */ = {isa = PBXBuildFile; fileRef = 6A0C6FF815EE40F600C17080 /* corinthians.png */; };
		6A0C700515EE40F600C17080 /* coritiba.png in Resources */ = {isa = PBXBuildFile; fileRef = 6A0C6FF915EE40F600C17080 /* coritiba.png */; };
		6A0C700615EE40F600C17080 /* flamengo.png in Resources */ = {isa = PBXBuildFile; fileRef = 6A0C6FFA15EE40F600C17080 /* flamengo.png */; };
		6A0C700715EE40F600C17080 /* fluminense.png in Resources */ = {isa = PBXBuildFile; fileRef = 6A0C6FFB15EE40F600C17080 /* fluminense.png */; };
		6A0C700815EE40F600C17080 /* gremio.png in Resources */ = {isa = PBXBuildFile; fileRef = 6A0C6FFC15EE40F600C17080 /* gremio.png */; };
		6A0C700915EE40F600C17080 /* internacional.png in Resources */ = {isa = PBXBuildFile; fileRef = 6A0C6FFD15EE40F600C17080 /* internacional.png */; };
		6A0C700A15EE40F600C17080 /* palmeiras.png in Resources */ = {isa = PBXBuildFile; fileRef = 6A0C6FFE15EE40F600C17080 /* palmeiras.png */; };
		6A0C700B15EE40F600C17080 /* santos.png in Resources */ = {isa = PBXBuildFile; fileRef = 6A0C6FFF15EE40F600C17080 /* santos.png */; };
		6A0C700C15EE40F600C17080 /* sao-paulo.png in Resources */ = {isa = PBXBuildFile; fileRef = 6A0C700015EE40F600C17080 /* sao-paulo.png */; };
		6A0C700D15EE40F600C17080 /* vasco.png in Resources */ = {isa = PBXBuildFile; fileRef = 6A0C700115EE40F600C17080 /* vasco.png */; };
/* End PBXBuildFile section */

/* Begin PBXContainerItemProxy section */
		6A0C6FE315EE40A100C17080 /* PBXContainerItemProxy */ = {
			isa = PBXContainerItemProxy;
			containerPortal = 6A0C6FB415EE40A000C17080 /* Project object */;
			proxyType = 1;
			remoteGlobalIDString = 6A0C6FBC15EE40A000C17080;
			remoteInfo = PickerView;
		};
/* End PBXContainerItemProxy section */

/* Begin PBXFileReference section */
		6A0C6FBD15EE40A000C17080 /* PickerView.app */ = {isa = PBXFileReference; explicitFileType = wrapper.application; includeInIndex = 0; path = PickerView.app; sourceTree = BUILT_PRODUCTS_DIR; };
		6A0C6FC115EE40A000C17080 /* UIKit.framework */ = {isa = PBXFileReference; lastKnownFileType = wrapper.framework; name = UIKit.framework; path = System/Library/Frameworks/UIKit.framework; sourceTree = SDKROOT; };
		6A0C6FC315EE40A000C17080 /* Foundation.framework */ = {isa = PBXFileReference; lastKnownFileType = wrapper.framework; name = Foundation.framework; path = System/Library/Frameworks/Foundation.framework; sourceTree = SDKROOT; };
		6A0C6FC515EE40A000C17080 /* CoreGraphics.framework */ = {isa = PBXFileReference; lastKnownFileType = wrapper.framework; name = CoreGraphics.framework; path = System/Library/Frameworks/CoreGraphics.framework; sourceTree = SDKROOT; };
		6A0C6FC915EE40A000C17080 /* PickerView-Info.plist */ = {isa = PBXFileReference; lastKnownFileType = text.plist.xml; path = "PickerView-Info.plist"; sourceTree = "<group>"; };
		6A0C6FCB15EE40A000C17080 /* en */ = {isa = PBXFileReference; lastKnownFileType = text.plist.strings; name = en; path = en.lproj/InfoPlist.strings; sourceTree = "<group>"; };
		6A0C6FCD15EE40A000C17080 /* main.m */ = {isa = PBXFileReference; lastKnownFileType = sourcecode.c.objc; path = main.m; sourceTree = "<group>"; };
		6A0C6FCF15EE40A000C17080 /* PickerView-Prefix.pch */ = {isa = PBXFileReference; lastKnownFileType = sourcecode.c.h; path = "PickerView-Prefix.pch"; sourceTree = "<group>"; };
		6A0C6FD015EE40A000C17080 /* PrincipalAppDelegate.h */ = {isa = PBXFileReference; lastKnownFileType = sourcecode.c.h; path = PrincipalAppDelegate.h; sourceTree = "<group>"; };
		6A0C6FD115EE40A000C17080 /* PrincipalAppDelegate.m */ = {isa = PBXFileReference; lastKnownFileType = sourcecode.c.objc; path = PrincipalAppDelegate.m; sourceTree = "<group>"; };
		6A0C6FD415EE40A000C17080 /* en */ = {isa = PBXFileReference; lastKnownFileType = file.storyboard; name = en; path = en.lproj/MainStoryboard.storyboard; sourceTree = "<group>"; };
		6A0C6FD615EE40A000C17080 /* PrincipalViewController.h */ = {isa = PBXFileReference; lastKnownFileType = sourcecode.c.h; path = PrincipalViewController.h; sourceTree = "<group>"; };
		6A0C6FD715EE40A000C17080 /* PrincipalViewController.m */ = {isa = PBXFileReference; lastKnownFileType = sourcecode.c.objc; path = PrincipalViewController.m; sourceTree = "<group>"; };
		6A0C6FDE15EE40A100C17080 /* PickerViewTests.octest */ = {isa = PBXFileReference; explicitFileType = wrapper.cfbundle; includeInIndex = 0; path = PickerViewTests.octest; sourceTree = BUILT_PRODUCTS_DIR; };
		6A0C6FDF15EE40A100C17080 /* SenTestingKit.framework */ = {isa = PBXFileReference; lastKnownFileType = wrapper.framework; name = SenTestingKit.framework; path = Library/Frameworks/SenTestingKit.framework; sourceTree = DEVELOPER_DIR; };
		6A0C6FE715EE40A100C17080 /* PickerViewTests-Info.plist */ = {isa = PBXFileReference; lastKnownFileType = text.plist.xml; path = "PickerViewTests-Info.plist"; sourceTree = "<group>"; };
		6A0C6FE915EE40A100C17080 /* en */ = {isa = PBXFileReference; lastKnownFileType = text.plist.strings; name = en; path = en.lproj/InfoPlist.strings; sourceTree = "<group>"; };
		6A0C6FEB15EE40A100C17080 /* PickerViewTests.h */ = {isa = PBXFileReference; lastKnownFileType = sourcecode.c.h; path = PickerViewTests.h; sourceTree = "<group>"; };
		6A0C6FEC15EE40A100C17080 /* PickerViewTests.m */ = {isa = PBXFileReference; lastKnownFileType = sourcecode.c.objc; path = PickerViewTests.m; sourceTree = "<group>"; };
		6A0C6FF615EE40F600C17080 /* atletico-pr.png */ = {isa = PBXFileReference; lastKnownFileType = image.png; path = "atletico-pr.png"; sourceTree = "<group>"; };
		6A0C6FF715EE40F600C17080 /* botafogo.png */ = {isa = PBXFileReference; lastKnownFileType = image.png; path = botafogo.png; sourceTree = "<group>"; };
		6A0C6FF815EE40F600C17080 /* corinthians.png */ = {isa = PBXFileReference; lastKnownFileType = image.png; path = corinthians.png; sourceTree = "<group>"; };
		6A0C6FF915EE40F600C17080 /* coritiba.png */ = {isa = PBXFileReference; lastKnownFileType = image.png; path = coritiba.png; sourceTree = "<group>"; };
		6A0C6FFA15EE40F600C17080 /* flamengo.png */ = {isa = PBXFileReference; lastKnownFileType = image.png; path = flamengo.png; sourceTree = "<group>"; };
		6A0C6FFB15EE40F600C17080 /* fluminense.png */ = {isa = PBXFileReference; lastKnownFileType = image.png; path = fluminense.png; sourceTree = "<group>"; };
		6A0C6FFC15EE40F600C17080 /* gremio.png */ = {isa = PBXFileReference; lastKnownFileType = image.png; path = gremio.png; sourceTree = "<group>"; };
		6A0C6FFD15EE40F600C17080 /* internacional.png */ = {isa = PBXFileReference; lastKnownFileType = image.png; path = internacional.png; sourceTree = "<group>"; };
		6A0C6FFE15EE40F600C17080 /* palmeiras.png */ = {isa = PBXFileReference; lastKnownFileType = image.png; path = palmeiras.png; sourceTree = "<group>"; };
		6A0C6FFF15EE40F600C17080 /* santos.png */ = {isa = PBXFileReference; lastKnownFileType = image.png; path = santos.png; sourceTree = "<group>"; };
		6A0C700015EE40F600C17080 /* sao-paulo.png */ = {isa = PBXFileReference; lastKnownFileType = image.png; path = "sao-paulo.png"; sourceTree = "<group>"; };
		6A0C700115EE40F600C17080 /* vasco.png */ = {isa = PBXFileReference; lastKnownFileType = image.png; path = vasco.png; sourceTree = "<group>"; };
/* End PBXFileReference section */

/* Begin PBXFrameworksBuildPhase section */
		6A0C6FBA15EE40A000C17080 /* Frameworks */ = {
			isa = PBXFrameworksBuildPhase;
			buildActionMask = 2147483647;
			files = (
				6A0C6FC215EE40A000C17080 /* UIKit.framework in Frameworks */,
				6A0C6FC415EE40A000C17080 /* Foundation.framework in Frameworks */,
				6A0C6FC615EE40A000C17080 /* CoreGraphics.framework in Frameworks */,
			);
			runOnlyForDeploymentPostprocessing = 0;
		};
		6A0C6FDA15EE40A100C17080 /* Frameworks */ = {
			isa = PBXFrameworksBuildPhase;
			buildActionMask = 2147483647;
			files = (
				6A0C6FE015EE40A100C17080 /* SenTestingKit.framework in Frameworks */,
				6A0C6FE115EE40A100C17080 /* UIKit.framework in Frameworks */,
				6A0C6FE215EE40A100C17080 /* Foundation.framework in Frameworks */,
			);
			runOnlyForDeploymentPostprocessing = 0;
		};
/* End PBXFrameworksBuildPhase section */

/* Begin PBXGroup section */
		6A0C6FB215EE40A000C17080 = {
			isa = PBXGroup;
			children = (
				6A0C700E15EE410600C17080 /* times */,
				6A0C6FC715EE40A000C17080 /* PickerView */,
				6A0C6FE515EE40A100C17080 /* PickerViewTests */,
				6A0C6FC015EE40A000C17080 /* Frameworks */,
				6A0C6FBE15EE40A000C17080 /* Products */,
			);
			sourceTree = "<group>";
		};
		6A0C6FBE15EE40A000C17080 /* Products */ = {
			isa = PBXGroup;
			children = (
				6A0C6FBD15EE40A000C17080 /* PickerView.app */,
				6A0C6FDE15EE40A100C17080 /* PickerViewTests.octest */,
			);
			name = Products;
			sourceTree = "<group>";
		};
		6A0C6FC015EE40A000C17080 /* Frameworks */ = {
			isa = PBXGroup;
			children = (
				6A0C6FC115EE40A000C17080 /* UIKit.framework */,
				6A0C6FC315EE40A000C17080 /* Foundation.framework */,
				6A0C6FC515EE40A000C17080 /* CoreGraphics.framework */,
				6A0C6FDF15EE40A100C17080 /* SenTestingKit.framework */,
			);
			name = Frameworks;
			sourceTree = "<group>";
		};
		6A0C6FC715EE40A000C17080 /* PickerView */ = {
			isa = PBXGroup;
			children = (
				6A0C6FD015EE40A000C17080 /* PrincipalAppDelegate.h */,
				6A0C6FD115EE40A000C17080 /* PrincipalAppDelegate.m */,
				6A0C6FD315EE40A000C17080 /* MainStoryboard.storyboard */,
				6A0C6FD615EE40A000C17080 /* PrincipalViewController.h */,
				6A0C6FD715EE40A000C17080 /* PrincipalViewController.m */,
				6A0C6FC815EE40A000C17080 /* Supporting Files */,
			);
			path = PickerView;
			sourceTree = "<group>";
		};
		6A0C6FC815EE40A000C17080 /* Supporting Files */ = {
			isa = PBXGroup;
			children = (
				6A0C6FC915EE40A000C17080 /* PickerView-Info.plist */,
				6A0C6FCA15EE40A000C17080 /* InfoPlist.strings */,
				6A0C6FCD15EE40A000C17080 /* main.m */,
				6A0C6FCF15EE40A000C17080 /* PickerView-Prefix.pch */,
			);
			name = "Supporting Files";
			sourceTree = "<group>";
		};
		6A0C6FE515EE40A100C17080 /* PickerViewTests */ = {
			isa = PBXGroup;
			children = (
				6A0C6FEB15EE40A100C17080 /* PickerViewTests.h */,
				6A0C6FEC15EE40A100C17080 /* PickerViewTests.m */,
				6A0C6FE615EE40A100C17080 /* Supporting Files */,
			);
			path = PickerViewTests;
			sourceTree = "<group>";
		};
		6A0C6FE615EE40A100C17080 /* Supporting Files */ = {
			isa = PBXGroup;
			children = (
				6A0C6FE715EE40A100C17080 /* PickerViewTests-Info.plist */,
				6A0C6FE815EE40A100C17080 /* InfoPlist.strings */,
			);
			name = "Supporting Files";
			sourceTree = "<group>";
		};
		6A0C700E15EE410600C17080 /* times */ = {
			isa = PBXGroup;
			children = (
				6A0C6FF615EE40F600C17080 /* atletico-pr.png */,
				6A0C6FF715EE40F600C17080 /* botafogo.png */,
				6A0C6FF815EE40F600C17080 /* corinthians.png */,
				6A0C6FF915EE40F600C17080 /* coritiba.png */,
				6A0C6FFA15EE40F600C17080 /* flamengo.png */,
				6A0C6FFB15EE40F600C17080 /* fluminense.png */,
				6A0C6FFC15EE40F600C17080 /* gremio.png */,
				6A0C6FFD15EE40F600C17080 /* internacional.png */,
				6A0C6FFE15EE40F600C17080 /* palmeiras.png */,
				6A0C6FFF15EE40F600C17080 /* santos.png */,
				6A0C700015EE40F600C17080 /* sao-paulo.png */,
				6A0C700115EE40F600C17080 /* vasco.png */,
			);
			name = times;
			sourceTree = "<group>";
		};
/* End PBXGroup section */

/* Begin PBXNativeTarget section */
		6A0C6FBC15EE40A000C17080 /* PickerView */ = {
			isa = PBXNativeTarget;
			buildConfigurationList = 6A0C6FF015EE40A100C17080 /* Build configuration list for PBXNativeTarget "PickerView" */;
			buildPhases = (
				6A0C6FB915EE40A000C17080 /* Sources */,
				6A0C6FBA15EE40A000C17080 /* Frameworks */,
				6A0C6FBB15EE40A000C17080 /* Resources */,
			);
			buildRules = (
			);
			dependencies = (
			);
			name = PickerView;
			productName = PickerView;
			productReference = 6A0C6FBD15EE40A000C17080 /* PickerView.app */;
			productType = "com.apple.product-type.application";
		};
		6A0C6FDD15EE40A100C17080 /* PickerViewTests */ = {
			isa = PBXNativeTarget;
			buildConfigurationList = 6A0C6FF315EE40A100C17080 /* Build configuration list for PBXNativeTarget "PickerViewTests" */;
			buildPhases = (
				6A0C6FD915EE40A100C17080 /* Sources */,
				6A0C6FDA15EE40A100C17080 /* Frameworks */,
				6A0C6FDB15EE40A100C17080 /* Resources */,
				6A0C6FDC15EE40A100C17080 /* ShellScript */,
			);
			buildRules = (
			);
			dependencies = (
				6A0C6FE415EE40A100C17080 /* PBXTargetDependency */,
			);
			name = PickerViewTests;
			productName = PickerViewTests;
			productReference = 6A0C6FDE15EE40A100C17080 /* PickerViewTests.octest */;
			productType = "com.apple.product-type.bundle";
		};
/* End PBXNativeTarget section */

/* Begin PBXProject section */
		6A0C6FB415EE40A000C17080 /* Project object */ = {
			isa = PBXProject;
			attributes = {
				CLASSPREFIX = Principal;
				LastUpgradeCheck = 0440;
				ORGANIZATIONNAME = "Rafael Brigagão Paulino";
			};
			buildConfigurationList = 6A0C6FB715EE40A000C17080 /* Build configuration list for PBXProject "PickerView" */;
			compatibilityVersion = "Xcode 3.2";
			developmentRegion = English;
			hasScannedForEncodings = 0;
			knownRegions = (
				en,
			);
			mainGroup = 6A0C6FB215EE40A000C17080;
			productRefGroup = 6A0C6FBE15EE40A000C17080 /* Products */;
			projectDirPath = "";
			projectRoot = "";
			targets = (
				6A0C6FBC15EE40A000C17080 /* PickerView */,
				6A0C6FDD15EE40A100C17080 /* PickerViewTests */,
			);
		};
/* End PBXProject section */

/* Begin PBXResourcesBuildPhase section */
		6A0C6FBB15EE40A000C17080 /* Resources */ = {
			isa = PBXResourcesBuildPhase;
			buildActionMask = 2147483647;
			files = (
				6A0C6FCC15EE40A000C17080 /* InfoPlist.strings in Resources */,
				6A0C6FD515EE40A000C17080 /* MainStoryboard.storyboard in Resources */,
				6A0C700215EE40F600C17080 /* atletico-pr.png in Resources */,
				6A0C700315EE40F600C17080 /* botafogo.png in Resources */,
				6A0C700415EE40F600C17080 /* corinthians.png in Resources */,
				6A0C700515EE40F600C17080 /* coritiba.png in Resources */,
				6A0C700615EE40F600C17080 /* flamengo.png in Resources */,
				6A0C700715EE40F600C17080 /* fluminense.png in Resources */,
				6A0C700815EE40F600C17080 /* gremio.png in Resources */,
				6A0C700915EE40F600C17080 /* internacional.png in Resources */,
				6A0C700A15EE40F600C17080 /* palmeiras.png in Resources */,
				6A0C700B15EE40F600C17080 /* santos.png in Resources */,
				6A0C700C15EE40F600C17080 /* sao-paulo.png in Resources */,
				6A0C700D15EE40F600C17080 /* vasco.png in Resources */,
			);
			runOnlyForDeploymentPostprocessing = 0;
		};
		6A0C6FDB15EE40A100C17080 /* Resources */ = {
			isa = PBXResourcesBuildPhase;
			buildActionMask = 2147483647;
			files = (
				6A0C6FEA15EE40A100C17080 /* InfoPlist.strings in Resources */,
			);
			runOnlyForDeploymentPostprocessing = 0;
		};
/* End PBXResourcesBuildPhase section */

/* Begin PBXShellScriptBuildPhase section */
		6A0C6FDC15EE40A100C17080 /* ShellScript */ = {
			isa = PBXShellScriptBuildPhase;
			buildActionMask = 2147483647;
			files = (
			);
			inputPaths = (
			);
			outputPaths = (
			);
			runOnlyForDeploymentPostprocessing = 0;
			shellPath = /bin/sh;
			shellScript = "# Run the unit tests in this test bundle.\n\"${SYSTEM_DEVELOPER_DIR}/Tools/RunUnitTests\"\n";
		};
/* End PBXShellScriptBuildPhase section */

/* Begin PBXSourcesBuildPhase section */
		6A0C6FB915EE40A000C17080 /* Sources */ = {
			isa = PBXSourcesBuildPhase;
			buildActionMask = 2147483647;
			files = (
				6A0C6FCE15EE40A000C17080 /* main.m in Sources */,
				6A0C6FD215EE40A000C17080 /* PrincipalAppDelegate.m in Sources */,
				6A0C6FD815EE40A000C17080 /* PrincipalViewController.m in Sources */,
			);
			runOnlyForDeploymentPostprocessing = 0;
		};
		6A0C6FD915EE40A100C17080 /* Sources */ = {
			isa = PBXSourcesBuildPhase;
			buildActionMask = 2147483647;
			files = (
				6A0C6FED15EE40A100C17080 /* PickerViewTests.m in Sources */,
			);
			runOnlyForDeploymentPostprocessing = 0;
		};
/* End PBXSourcesBuildPhase section */

/* Begin PBXTargetDependency section */
		6A0C6FE415EE40A100C17080 /* PBXTargetDependency */ = {
			isa = PBXTargetDependency;
			target = 6A0C6FBC15EE40A000C17080 /* PickerView */;
			targetProxy = 6A0C6FE315EE40A100C17080 /* PBXContainerItemProxy */;
		};
/* End PBXTargetDependency section */

/* Begin PBXVariantGroup section */
		6A0C6FCA15EE40A000C17080 /* InfoPlist.strings */ = {
			isa = PBXVariantGroup;
			children = (
				6A0C6FCB15EE40A000C17080 /* en */,
			);
			name = InfoPlist.strings;
			sourceTree = "<group>";
		};
		6A0C6FD315EE40A000C17080 /* MainStoryboard.storyboard */ = {
			isa = PBXVariantGroup;
			children = (
				6A0C6FD415EE40A000C17080 /* en */,
			);
			name = MainStoryboard.storyboard;
			sourceTree = "<group>";
		};
		6A0C6FE815EE40A100C17080 /* InfoPlist.strings */ = {
			isa = PBXVariantGroup;
			children = (
				6A0C6FE915EE40A100C17080 /* en */,
			);
			name = InfoPlist.strings;
			sourceTree = "<group>";
		};
/* End PBXVariantGroup section */

/* Begin XCBuildConfiguration section */
		6A0C6FEE15EE40A100C17080 /* Debug */ = {
			isa = XCBuildConfiguration;
			buildSettings = {
				ALWAYS_SEARCH_USER_PATHS = NO;
				ARCHS = "$(ARCHS_STANDARD_32_BIT)";
				CLANG_CXX_LANGUAGE_STANDARD = "gnu++0x";
				CLANG_ENABLE_OBJC_ARC = YES;
				CLANG_WARN__DUPLICATE_METHOD_MATCH = YES;
				"CODE_SIGN_IDENTITY[sdk=iphoneos*]" = "iPhone Developer";
				COPY_PHASE_STRIP = NO;
				GCC_C_LANGUAGE_STANDARD = gnu99;
				GCC_DYNAMIC_NO_PIC = NO;
				GCC_OPTIMIZATION_LEVEL = 0;
				GCC_PREPROCESSOR_DEFINITIONS = (
					"DEBUG=1",
					"$(inherited)",
				);
				GCC_SYMBOLS_PRIVATE_EXTERN = NO;
				GCC_VERSION = com.apple.compilers.llvm.clang.1_0;
				GCC_WARN_ABOUT_RETURN_TYPE = YES;
				GCC_WARN_UNINITIALIZED_AUTOS = YES;
				GCC_WARN_UNUSED_VARIABLE = YES;
				IPHONEOS_DEPLOYMENT_TARGET = 5.1;
				SDKROOT = iphoneos;
			};
			name = Debug;
		};
		6A0C6FEF15EE40A100C17080 /* Release */ = {
			isa = XCBuildConfiguration;
			buildSettings = {
				ALWAYS_SEARCH_USER_PATHS = NO;
				ARCHS = "$(ARCHS_STANDARD_32_BIT)";
				CLANG_CXX_LANGUAGE_STANDARD = "gnu++0x";
				CLANG_ENABLE_OBJC_ARC = YES;
				CLANG_WARN__DUPLICATE_METHOD_MATCH = YES;
				"CODE_SIGN_IDENTITY[sdk=iphoneos*]" = "iPhone Developer";
				COPY_PHASE_STRIP = YES;
				GCC_C_LANGUAGE_STANDARD = gnu99;
				GCC_VERSION = com.apple.compilers.llvm.clang.1_0;
				GCC_WARN_ABOUT_RETURN_TYPE = YES;
				GCC_WARN_UNINITIALIZED_AUTOS = YES;
				GCC_WARN_UNUSED_VARIABLE = YES;
				IPHONEOS_DEPLOYMENT_TARGET = 5.1;
				OTHER_CFLAGS = "-DNS_BLOCK_ASSERTIONS=1";
				SDKROOT = iphoneos;
				VALIDATE_PRODUCT = YES;
			};
			name = Release;
		};
		6A0C6FF115EE40A100C17080 /* Debug */ = {
			isa = XCBuildConfiguration;
			buildSettings = {
				GCC_PRECOMPILE_PREFIX_HEADER = YES;
				GCC_PREFIX_HEADER = "PickerView/PickerView-Prefix.pch";
				INFOPLIST_FILE = "PickerView/PickerView-Info.plist";
				PRODUCT_NAME = "$(TARGET_NAME)";
				WRAPPER_EXTENSION = app;
			};
			name = Debug;
		};
		6A0C6FF215EE40A100C17080 /* Release */ = {
			isa = XCBuildConfiguration;
			buildSettings = {
				GCC_PRECOMPILE_PREFIX_HEADER = YES;
				GCC_PREFIX_HEADER = "PickerView/PickerView-Prefix.pch";
				INFOPLIST_FILE = "PickerView/PickerView-Info.plist";
				PRODUCT_NAME = "$(TARGET_NAME)";
				WRAPPER_EXTENSION = app;
			};
			name = Release;
		};
		6A0C6FF415EE40A100C17080 /* Debug */ = {
			isa = XCBuildConfiguration;
			buildSettings = {
				BUNDLE_LOADER = "$(BUILT_PRODUCTS_DIR)/PickerView.app/PickerView";
				FRAMEWORK_SEARCH_PATHS = (
					"\"$(SDKROOT)/Developer/Library/Frameworks\"",
					"\"$(DEVELOPER_LIBRARY_DIR)/Frameworks\"",
				);
				GCC_PRECOMPILE_PREFIX_HEADER = YES;
				GCC_PREFIX_HEADER = "PickerView/PickerView-Prefix.pch";
				INFOPLIST_FILE = "PickerViewTests/PickerViewTests-Info.plist";
				PRODUCT_NAME = "$(TARGET_NAME)";
				TEST_HOST = "$(BUNDLE_LOADER)";
				WRAPPER_EXTENSION = octest;
			};
			name = Debug;
		};
		6A0C6FF515EE40A100C17080 /* Release */ = {
			isa = XCBuildConfiguration;
			buildSettings = {
				BUNDLE_LOADER = "$(BUILT_PRODUCTS_DIR)/PickerView.app/PickerView";
				FRAMEWORK_SEARCH_PATHS = (
					"\"$(SDKROOT)/Developer/Library/Frameworks\"",
					"\"$(DEVELOPER_LIBRARY_DIR)/Frameworks\"",
				);
				GCC_PRECOMPILE_PREFIX_HEADER = YES;
				GCC_PREFIX_HEADER = "PickerView/PickerView-Prefix.pch";
				INFOPLIST_FILE = "PickerViewTests/PickerViewTests-Info.plist";
				PRODUCT_NAME = "$(TARGET_NAME)";
				TEST_HOST = "$(BUNDLE_LOADER)";
				WRAPPER_EXTENSION = octest;
			};
			name = Release;
		};
/* End XCBuildConfiguration section */

/* Begin XCConfigurationList section */
		6A0C6FB715EE40A000C17080 /* Build configuration list for PBXProject "PickerView" */ = {
			isa = XCConfigurationList;
			buildConfigurations = (
				6A0C6FEE15EE40A100C17080 /* Debug */,
				6A0C6FEF15EE40A100C17080 /* Release */,
			);
			defaultConfigurationIsVisible = 0;
			defaultConfigurationName = Release;
		};
		6A0C6FF015EE40A100C17080 /* Build configuration list for PBXNativeTarget "PickerView" */ = {
			isa = XCConfigurationList;
			buildConfigurations = (
				6A0C6FF115EE40A100C17080 /* Debug */,
				6A0C6FF215EE40A100C17080 /* Release */,
			);
			defaultConfigurationIsVisible = 0;
		};
		6A0C6FF315EE40A100C17080 /* Build configuration list for PBXNativeTarget "PickerViewTests" */ = {
			isa = XCConfigurationList;
			buildConfigurations = (
				6A0C6FF415EE40A100C17080 /* Debug */,
				6A0C6FF515EE40A100C17080 /* Release */,
			);
			defaultConfigurationIsVisible = 0;
		};
/* End XCConfigurationList section */
	};
	rootObject = 6A0C6FB415EE40A000C17080 /* Project object */;
}
